
Microsoft Visual Studio Solution File, Format Version 12.00
Project("{FAE04EC0-301F-11D3-BF4B-00C04F79EFBC}") = "Glyloop.API", "Glyloop.API\Glyloop.API.csproj", "{4E3EABC3-F69A-479A-BD3C-F1126CA31459}"
EndProject
Project("{FAE04EC0-301F-11D3-BF4B-00C04F79EFBC}") = "Glyloop.Application", "Glyloop.Application\Glyloop.Application.csproj", "{E55D8B00-A50E-4301-94EE-77317CE4E390}"
EndProject
Project("{FAE04EC0-301F-11D3-BF4B-00C04F79EFBC}") = "Glyloop.Domain", "Glyloop.Domain\Glyloop.Domain.csproj", "{5A37D76E-61E1-40A7-87EF-B718A66FBFC8}"
EndProject
Project("{FAE04EC0-301F-11D3-BF4B-00C04F79EFBC}") = "Glyloop.Infrastructure", "Glyloop.Infrastructure\Glyloop.Infrastructure.csproj", "{A9CBD0CB-2116-4D68-AC0F-2A04D5A98F9D}"
EndProject
Global
	GlobalSection(SolutionConfigurationPlatforms) = preSolution
		Debug|Any CPU = Debug|Any CPU
		Release|Any CPU = Release|Any CPU
	EndGlobalSection
	GlobalSection(ProjectConfigurationPlatforms) = postSolution
		{4E3EABC3-F69A-479A-BD3C-F1126CA31459}.Debug|Any CPU.ActiveCfg = Debug|Any CPU
		{4E3EABC3-F69A-479A-BD3C-F1126CA31459}.Debug|Any CPU.Build.0 = Debug|Any CPU
		{4E3EABC3-F69A-479A-BD3C-F1126CA31459}.Release|Any CPU.ActiveCfg = Release|Any CPU
		{4E3EABC3-F69A-479A-BD3C-F1126CA31459}.Release|Any CPU.Build.0 = Release|Any CPU
		{E55D8B00-A50E-4301-94EE-77317CE4E390}.Debug|Any CPU.ActiveCfg = Debug|Any CPU
		{E55D8B00-A50E-4301-94EE-77317CE4E390}.Debug|Any CPU.Build.0 = Debug|Any CPU
		{E55D8B00-A50E-4301-94EE-77317CE4E390}.Release|Any CPU.ActiveCfg = Release|Any CPU
		{E55D8B00-A50E-4301-94EE-77317CE4E390}.Release|Any CPU.Build.0 = Release|Any CPU
		{5A37D76E-61E1-40A7-87EF-B718A66FBFC8}.Debug|Any CPU.ActiveCfg = Debug|Any CPU
		{5A37D76E-61E1-40A7-87EF-B718A66FBFC8}.Debug|Any CPU.Build.0 = Debug|Any CPU
		{5A37D76E-61E1-40A7-87EF-B718A66FBFC8}.Release|Any CPU.ActiveCfg = Release|Any CPU
		{5A37D76E-61E1-40A7-87EF-B718A66FBFC8}.Release|Any CPU.Build.0 = Release|Any CPU
		{A9CBD0CB-2116-4D68-AC0F-2A04D5A98F9D}.Debug|Any CPU.ActiveCfg = Debug|Any CPU
		{A9CBD0CB-2116-4D68-AC0F-2A04D5A98F9D}.Debug|Any CPU.Build.0 = Debug|Any CPU
		{A9CBD0CB-2116-4D68-AC0F-2A04D5A98F9D}.Release|Any CPU.ActiveCfg = Release|Any CPU
		{A9CBD0CB-2116-4D68-AC0F-2A04D5A98F9D}.Release|Any CPU.Build.0 = Release|Any CPU
	EndGlobalSection
EndGlobal
